// !$*UTF8*$!
{
	archiveVersion = 1;
	classes = {
	};
	objectVersion = 46;
	objects = {

/* Begin PBXBuildFile section */
		EA343D841CEB573D00ED534A /* FacialExpression.swift in Sources */ = {isa = PBXBuildFile; fileRef = EA343D831CEB573D00ED534A /* FacialExpression.swift */; };
		EAA3B6B51CEA217100F8103C /* AppDelegate.swift in Sources */ = {isa = PBXBuildFile; fileRef = EAA3B6B41CEA217100F8103C /* AppDelegate.swift */; };
		EAA3B6B71CEA217100F8103C /* FaceViewController.swift in Sources */ = {isa = PBXBuildFile; fileRef = EAA3B6B61CEA217100F8103C /* FaceViewController.swift */; };
		EAA3B6BA1CEA217100F8103C /* Main.storyboard in Resources */ = {isa = PBXBuildFile; fileRef = EAA3B6B81CEA217100F8103C /* Main.storyboard */; };
		EAA3B6BC1CEA217100F8103C /* Assets.xcassets in Resources */ = {isa = PBXBuildFile; fileRef = EAA3B6BB1CEA217100F8103C /* Assets.xcassets */; };
		EAA3B6BF1CEA217100F8103C /* LaunchScreen.storyboard in Resources */ = {isa = PBXBuildFile; fileRef = EAA3B6BD1CEA217100F8103C /* LaunchScreen.storyboard */; };
		EAA3B6C81CEA222200F8103C /* FaceView.swift in Sources */ = {isa = PBXBuildFile; fileRef = EAA3B6C71CEA222200F8103C /* FaceView.swift */; };
/* End PBXBuildFile section */

/* Begin PBXFileReference section */
		EA343D831CEB573D00ED534A /* FacialExpression.swift */ = {isa = PBXFileReference; fileEncoding = 4; lastKnownFileType = sourcecode.swift; path = FacialExpression.swift; sourceTree = "<group>"; };
		EAA3B6B11CEA217100F8103C /* FaceIt.app */ = {isa = PBXFileReference; explicitFileType = wrapper.application; includeInIndex = 0; path = FaceIt.app; sourceTree = BUILT_PRODUCTS_DIR; };
		EAA3B6B41CEA217100F8103C /* AppDelegate.swift */ = {isa = PBXFileReference; lastKnownFileType = sourcecode.swift; path = AppDelegate.swift; sourceTree = "<group>"; };
		EAA3B6B61CEA217100F8103C /* FaceViewController.swift */ = {isa = PBXFileReference; lastKnownFileType = sourcecode.swift; path = FaceViewController.swift; sourceTree = "<group>"; };
		EAA3B6B91CEA217100F8103C /* Base */ = {isa = PBXFileReference; lastKnownFileType = file.storyboard; name = Base; path = Base.lproj/Main.storyboard; sourceTree = "<group>"; };
		EAA3B6BB1CEA217100F8103C /* Assets.xcassets */ = {isa = PBXFileReference; lastKnownFileType = folder.assetcatalog; path = Assets.xcassets; sourceTree = "<group>"; };
		EAA3B6BE1CEA217100F8103C /* Base */ = {isa = PBXFileReference; lastKnownFileType = file.storyboard; name = Base; path = Base.lproj/LaunchScreen.storyboard; sourceTree = "<group>"; };
		EAA3B6C01CEA217100F8103C /* Info.plist */ = {isa = PBXFileReference; lastKnownFileType = text.plist.xml; path = Info.plist; sourceTree = "<group>"; };
		EAA3B6C71CEA222200F8103C /* FaceView.swift */ = {isa = PBXFileReference; fileEncoding = 4; lastKnownFileType = sourcecode.swift; path = FaceView.swift; sourceTree = "<group>"; };
/* End PBXFileReference section */

/* Begin PBXFrameworksBuildPhase section */
		EAA3B6AE1CEA217100F8103C /* Frameworks */ = {
			isa = PBXFrameworksBuildPhase;
			buildActionMask = 2147483647;
			files = (
			);
			runOnlyForDeploymentPostprocessing = 0;
		};
/* End PBXFrameworksBuildPhase section */

/* Begin PBXGroup section */
		EAA3B6A81CEA217100F8103C = {
			isa = PBXGroup;
			children = (
				EAA3B6B31CEA217100F8103C /* FaceIt */,
				EAA3B6B21CEA217100F8103C /* Products */,
			);
			sourceTree = "<group>";
		};
		EAA3B6B21CEA217100F8103C /* Products */ = {
			isa = PBXGroup;
			children = (
				EAA3B6B11CEA217100F8103C /* FaceIt.app */,
			);
			name = Products;
			sourceTree = "<group>";
		};
		EAA3B6B31CEA217100F8103C /* FaceIt */ = {
			isa = PBXGroup;
			children = (
				EAA3B6B61CEA217100F8103C /* FaceViewController.swift */,
				EAA3B6B81CEA217100F8103C /* Main.storyboard */,
				EAA3B6C71CEA222200F8103C /* FaceView.swift */,
				EA343D831CEB573D00ED534A /* FacialExpression.swift */,
				EAA3B6C61CEA218A00F8103C /* Supporting Files */,
			);
			path = FaceIt;
			sourceTree = "<group>";
		};
		EAA3B6C61CEA218A00F8103C /* Supporting Files */ = {
			isa = PBXGroup;
			children = (
				EAA3B6B41CEA217100F8103C /* AppDelegate.swift */,
				EAA3B6BB1CEA217100F8103C /* Assets.xcassets */,
				EAA3B6BD1CEA217100F8103C /* LaunchScreen.storyboard */,
				EAA3B6C01CEA217100F8103C /* Info.plist */,
			);
			name = "Supporting Files";
			sourceTree = "<group>";
		};
/* End PBXGroup section */

/* Begin PBXNativeTarget section */
		EAA3B6B01CEA217100F8103C /* FaceIt */ = {
			isa = PBXNativeTarget;
			buildConfigurationList = EAA3B6C31CEA217100F8103C /* Build configuration list for PBXNativeTarget "FaceIt" */;
			buildPhases = (
				EAA3B6AD1CEA217100F8103C /* Sources */,
				EAA3B6AE1CEA217100F8103C /* Frameworks */,
				EAA3B6AF1CEA217100F8103C /* Resources */,
			);
			buildRules = (
			);
			dependencies = (
			);
			name = FaceIt;
			productName = FaceIt;
			productReference = EAA3B6B11CEA217100F8103C /* FaceIt.app */;
			productType = "com.apple.product-type.application";
		};
/* End PBXNativeTarget section */

/* Begin PBXProject section */
		EAA3B6A91CEA217100F8103C /* Project object */ = {
			isa = PBXProject;
			attributes = {
				LastSwiftUpdateCheck = 0730;
				LastUpgradeCheck = 0830;
				ORGANIZATIONNAME = "Michel Deiman";
				TargetAttributes = {
					EAA3B6B01CEA217100F8103C = {
						CreatedOnToolsVersion = 7.3.1;
						DevelopmentTeam = 663TR68DHM;
						LastSwiftMigration = 0830;
					};
				};
			};
			buildConfigurationList = EAA3B6AC1CEA217100F8103C /* Build configuration list for PBXProject "FaceIt" */;
			compatibilityVersion = "Xcode 3.2";
			developmentRegion = English;
			hasScannedForEncodings = 0;
			knownRegions = (
				en,
				Base,
			);
			mainGroup = EAA3B6A81CEA217100F8103C;
			productRefGroup = EAA3B6B21CEA217100F8103C /* Products */;
			projectDirPath = "";
			projectRoot = "";
			targets = (
				EAA3B6B01CEA217100F8103C /* FaceIt */,
			);
		};
/* End PBXProject section */

/* Begin PBXResourcesBuildPhase section */
		EAA3B6AF1CEA217100F8103C /* Resources */ = {
			isa = PBXResourcesBuildPhase;
			buildActionMask = 2147483647;
			files = (
				EAA3B6BF1CEA217100F8103C /* LaunchScreen.storyboard in Resources */,
				EAA3B6BC1CEA217100F8103C /* Assets.xcassets in Resources */,
				EAA3B6BA1CEA217100F8103C /* Main.storyboard in Resources */,
			);
			runOnlyForDeploymentPostprocessing = 0;
		};
/* End PBXResourcesBuildPhase section */

/* Begin PBXSourcesBuildPhase section */
		EAA3B6AD1CEA217100F8103C /* Sources */ = {
			isa = PBXSourcesBuildPhase;
			buildActionMask = 2147483647;
			files = (
				EAA3B6B71CEA217100F8103C /* FaceViewController.swift in Sources */,
				EA343D841CEB573D00ED534A /* FacialExpression.swift in Sources */,
				EAA3B6B51CEA217100F8103C /* AppDelegate.swift in Sources */,
				EAA3B6C81CEA222200F8103C /* FaceView.swift in Sources */,
			);
			runOnlyForDeploymentPostprocessing = 0;
		};
/* End PBXSourcesBuildPhase section */

/* Begin PBXVariantGroup section */
		EAA3B6B81CEA217100F8103C /* Main.storyboard */ = {
			isa = PBXVariantGroup;
			children = (
				EAA3B6B91CEA217100F8103C /* Base */,
			);
			name = Main.storyboard;
			sourceTree = "<group>";
		};
		EAA3B6BD1CEA217100F8103C /* LaunchScreen.storyboard */ = {
			isa = PBXVariantGroup;
			children = (
				EAA3B6BE1CEA217100F8103C /* Base */,
			);
			name = LaunchScreen.storyboard;
			sourceTree = "<group>";
		};
/* End PBXVariantGroup section */

/* Begin XCBuildConfiguration section */
		EAA3B6C11CEA217100F8103C /* Debug */ = {
			isa = XCBuildConfiguration;
			buildSettings = {
				ALWAYS_SEARCH_USER_PATHS = NO;
				CLANG_ANALYZER_NONNULL = YES;
				CLANG_CXX_LANGUAGE_STANDARD = "gnu++0x";
				CLANG_CXX_LIBRARY = "libc++";
				CLANG_ENABLE_MODULES = YES;
				CLANG_ENABLE_OBJC_ARC = YES;
				CLANG_WARN_BOOL_CONVERSION = YES;
				CLANG_WARN_CONSTANT_CONVERSION = YES;
				CLANG_WARN_DIRECT_OBJC_ISA_USAGE = YES_ERROR;
				CLANG_WARN_EMPTY_BODY = YES;
				CLANG_WARN_ENUM_CONVERSION = YES;
				CLANG_WARN_INFINITE_RECURSION = YES;
				CLANG_WARN_INT_CONVERSION = YES;
				CLANG_WARN_OBJC_ROOT_CLASS = YES_ERROR;
				CLANG_WARN_SUSPICIOUS_MOVE = YES;
				CLANG_WARN_UNREACHABLE_CODE = YES;
				CLANG_WARN__DUPLICATE_METHOD_MATCH = YES;
				"CODE_SIGN_IDENTITY[sdk=iphoneos*]" = "iPhone Developer";
				COPY_PHASE_STRIP = NO;
				DEBUG_INFORMATION_FORMAT = dwarf;
				ENABLE_STRICT_OBJC_MSGSEND = YES;
				ENABLE_TESTABILITY = YES;
				GCC_C_LANGUAGE_STANDARD = gnu99;
				GCC_DYNAMIC_NO_PIC = NO;
				GCC_NO_COMMON_BLOCKS = YES;
				GCC_OPTIMIZATION_LEVEL = 0;
				GCC_PREPROCESSOR_DEFINITIONS = (
					"DEBUG=1",
					"$(inherited)",
				);
				GCC_WARN_64_TO_32_BIT_CONVERSION = YES;
				GCC_WARN_ABOUT_RETURN_TYPE = YES_ERROR;
				GCC_WARN_UNDECLARED_SELECTOR = YES;
				GCC_WARN_UNINITIALIZED_AUTOS = YES_AGGRESSIVE;
				GCC_WARN_UNUSED_FUNCTION = YES;
				GCC_WARN_UNUSED_VARIABLE = YES;
				IPHONEOS_DEPLOYMENT_TARGET = 9.3;
				MTL_ENABLE_DEBUG_INFO = YES;
				ONLY_ACTIVE_ARCH = YES;
				SDKROOT = iphoneos;
				SWIFT_OPTIMIZATION_LEVEL = "-Onone";
				TARGETED_DEVICE_FAMILY = "1,2";
			};
			name = Debug;
		};
		EAA3B6C21CEA217100F8103C /* Release */ = {
			isa = XCBuildConfiguration;
			buildSettings = {
				ALWAYS_SEARCH_USER_PATHS = NO;
				CLANG_ANALYZER_NONNULL = YES;
				CLANG_CXX_LANGUAGE_STANDARD = "gnu++0x";
				CLANG_CXX_LIBRARY = "libc++";
				CLANG_ENABLE_MODULES = YES;
				CLANG_ENABLE_OBJC_ARC = YES;
				CLANG_WARN_BOOL_CONVERSION = YES;
				CLANG_WARN_CONSTANT_CONVERSION = YES;
				CLANG_WARN_DIRECT_OBJC_ISA_USAGE = YES_ERROR;
				CLANG_WARN_EMPTY_BODY = YES;
				CLANG_WARN_ENUM_CONVERSION = YES;
				CLANG_WARN_INFINITE_RECURSION = YES;
				CLANG_WARN_INT_CONVERSION = YES;
				CLANG_WARN_OBJC_ROOT_CLASS = YES_ERROR;
				CLANG_WARN_SUSPICIOUS_MOVE = YES;
				CLANG_WARN_UNREACHABLE_CODE = YES;
				CLANG_WARN__DUPLICATE_METHOD_MATCH = YES;
				"CODE_SIGN_IDENTITY[sdk=iphoneos*]" = "iPhone Developer";
				COPY_PHASE_STRIP = NO;
				DEBUG_INFORMATION_FORMAT = "dwarf-with-dsym";
				ENABLE_NS_ASSERTIONS = NO;
				ENABLE_STRICT_OBJC_MSGSEND = YES;
				GCC_C_LANGUAGE_STANDARD = gnu99;
				GCC_NO_COMMON_BLOCKS = YES;
				GCC_WARN_64_TO_32_BIT_CONVERSION = YES;
				GCC_WARN_ABOUT_RETURN_TYPE = YES_ERROR;
				GCC_WARN_UNDECLARED_SELECTOR = YES;
				GCC_WARN_UNINITIALIZED_AUTOS = YES_AGGRESSIVE;
				GCC_WARN_UNUSED_FUNCTION = YES;
				GCC_WARN_UNUSED_VARIABLE = YES;
				IPHONEOS_DEPLOYMENT_TARGET = 9.3;
				MTL_ENABLE_DEBUG_INFO = NO;
				SDKROOT = iphoneos;
				SWIFT_OPTIMIZATION_LEVEL = "-Owholemodule";
				TARGETED_DEVICE_FAMILY = "1,2";
				VALIDATE_PRODUCT = YES;
			};
			name = Release;
		};
		EAA3B6C41CEA217100F8103C /* Debug */ = {
			isa = XCBuildConfiguration;
			buildSettings = {
				ASSETCATALOG_COMPILER_APPICON_NAME = AppIcon;
				CODE_SIGN_IDENTITY = "iPhone Developer";
				"CODE_SIGN_IDENTITY[sdk=iphoneos*]" = "iPhone Developer";
				INFOPLIST_FILE = FaceIt/Info.plist;
				LD_RUNPATH_SEARCH_PATHS = "$(inherited) @executable_path/Frameworks";
				PRODUCT_BUNDLE_IDENTIFIER = DeimanTechnology.FaceIt;
				PRODUCT_NAME = "$(TARGET_NAME)";
				PROVISIONING_PROFILE = "";
				SWIFT_VERSION = 3.0;
			};
			name = Debug;
		};
		EAA3B6C51CEA217100F8103C /* Release */ = {
			isa = XCBuildConfiguration;
			buildSettings = {
				ASSETCATALOG_COMPILER_APPICON_NAME = AppIcon;
				CODE_SIGN_IDENTITY = "iPhone Developer";
				"CODE_SIGN_IDENTITY[sdk=iphoneos*]" = "iPhone Developer";
				INFOPLIST_FILE = FaceIt/Info.plist;
				LD_RUNPATH_SEARCH_PATHS = "$(inherited) @executable_path/Frameworks";
				PRODUCT_BUNDLE_IDENTIFIER = DeimanTechnology.FaceIt;
				PRODUCT_NAME = "$(TARGET_NAME)";
				PROVISIONING_PROFILE = "";
				SWIFT_VERSION = 3.0;
			};
			name = Release;
		};
/* End XCBuildConfiguration section */

/* Begin XCConfigurationList section */
		EAA3B6AC1CEA217100F8103C /* Build configuration list for PBXProject "FaceIt" */ = {
			isa = XCConfigurationList;
			buildConfigurations = (
				EAA3B6C11CEA217100F8103C /* Debug */,
				EAA3B6C21CEA217100F8103C /* Release */,
			);
			defaultConfigurationIsVisible = 0;
			defaultConfigurationName = Release;
		};
		EAA3B6C31CEA217100F8103C /* Build configuration list for PBXNativeTarget "FaceIt" */ = {
			isa = XCConfigurationList;
			buildConfigurations = (
				EAA3B6C41CEA217100F8103C /* Debug */,
				EAA3B6C51CEA217100F8103C /* Release */,
			);
			defaultConfigurationIsVisible = 0;
			defaultConfigurationName = Release;
		};
/* End XCConfigurationList section */
	};
	rootObject = EAA3B6A91CEA217100F8103C /* Project object */;
}
